
Microsoft Visual Studio Solution File, Format Version 12.00
# Visual Studio Version 16
VisualStudioVersion = 16.0.30523.141
MinimumVisualStudioVersion = 10.0.40219.1
Project("{8BC9CEB8-8B4A-11D0-8D11-00A0C91BC942}") = "projekt2.1", "projekt2.1\projekt2.1.vcxproj", "{4400EA0D-3264-4A6C-A0BF-7A7274035ACD}"
EndProject
Global
	GlobalSection(SolutionConfigurationPlatforms) = preSolution
		Debug|x64 = Debug|x64
		Debug|x86 = Debug|x86
		Release|x64 = Release|x64
		Release|x86 = Release|x86
	EndGlobalSection
	GlobalSection(ProjectConfigurationPlatforms) = postSolution
		{4400EA0D-3264-4A6C-A0BF-7A7274035ACD}.Debug|x64.ActiveCfg = Debug|x64
		{4400EA0D-3264-4A6C-A0BF-7A7274035ACD}.Debug|x64.Build.0 = Debug|x64
		{4400EA0D-3264-4A6C-A0BF-7A7274035ACD}.Debug|x86.ActiveCfg = Debug|Win32
		{4400EA0D-3264-4A6C-A0BF-7A7274035ACD}.Debug|x86.Build.0 = Debug|Win32
		{4400EA0D-3264-4A6C-A0BF-7A7274035ACD}.Release|x64.ActiveCfg = Release|x64
		{4400EA0D-3264-4A6C-A0BF-7A7274035ACD}.Release|x64.Build.0 = Release|x64
		{4400EA0D-3264-4A6C-A0BF-7A7274035ACD}.Release|x86.ActiveCfg = Release|Win32
		{4400EA0D-3264-4A6C-A0BF-7A7274035ACD}.Release|x86.Build.0 = Release|Win32
	EndGlobalSection
	GlobalSection(SolutionProperties) = preSolution
		HideSolutionNode = FALSE
	EndGlobalSection
	GlobalSection(ExtensibilityGlobals) = postSolution
		SolutionGuid = {B1E3701E-01A3-4D55-9CBE-1C10F0AB4212}
	EndGlobalSection
EndGlobal
