
Microsoft Visual Studio Solution File, Format Version 12.00
# Visual Studio Version 16
VisualStudioVersion = 16.0.30523.141
MinimumVisualStudioVersion = 10.0.40219.1
Project("{8BC9CEB8-8B4A-11D0-8D11-00A0C91BC942}") = "Kalkulator", "Kalkulator.vcxproj", "{CE37346C-FDFF-4986-8A8B-CEB89CCF0AB8}"
EndProject
Global
	GlobalSection(SolutionConfigurationPlatforms) = preSolution
		Debug|x64 = Debug|x64
		Debug|x86 = Debug|x86
		Release|x64 = Release|x64
		Release|x86 = Release|x86
	EndGlobalSection
	GlobalSection(ProjectConfigurationPlatforms) = postSolution
		{CE37346C-FDFF-4986-8A8B-CEB89CCF0AB8}.Debug|x64.ActiveCfg = Debug|x64
		{CE37346C-FDFF-4986-8A8B-CEB89CCF0AB8}.Debug|x64.Build.0 = Debug|x64
		{CE37346C-FDFF-4986-8A8B-CEB89CCF0AB8}.Debug|x86.ActiveCfg = Debug|Win32
		{CE37346C-FDFF-4986-8A8B-CEB89CCF0AB8}.Debug|x86.Build.0 = Debug|Win32
		{CE37346C-FDFF-4986-8A8B-CEB89CCF0AB8}.Release|x64.ActiveCfg = Release|x64
		{CE37346C-FDFF-4986-8A8B-CEB89CCF0AB8}.Release|x64.Build.0 = Release|x64
		{CE37346C-FDFF-4986-8A8B-CEB89CCF0AB8}.Release|x86.ActiveCfg = Release|Win32
		{CE37346C-FDFF-4986-8A8B-CEB89CCF0AB8}.Release|x86.Build.0 = Release|Win32
	EndGlobalSection
	GlobalSection(SolutionProperties) = preSolution
		HideSolutionNode = FALSE
	EndGlobalSection
	GlobalSection(ExtensibilityGlobals) = postSolution
		SolutionGuid = {1F1D8703-C94A-401B-8763-510B1FDD7B85}
	EndGlobalSection
EndGlobal
